
Microsoft Visual Studio Solution File, Format Version 12.00
# Visual Studio Version 17
VisualStudioVersion = 17.11.35327.3
MinimumVisualStudioVersion = 10.0.40219.1
Project("{FAE04EC0-301F-11D3-BF4B-00C04F79EFBC}") = "VideoStreamToServer", "VideoStreamToServer\VideoStreamToServer.csproj", "{C82CC1EF-2E56-4A5A-A102-D63AA3EFE4BE}"
EndProject
Global
	GlobalSection(SolutionConfigurationPlatforms) = preSolution
		Debug|Any CPU = Debug|Any CPU
		Release|Any CPU = Release|Any CPU
	EndGlobalSection
	GlobalSection(ProjectConfigurationPlatforms) = postSolution
		{C82CC1EF-2E56-4A5A-A102-D63AA3EFE4BE}.Debug|Any CPU.ActiveCfg = Debug|Any CPU
		{C82CC1EF-2E56-4A5A-A102-D63AA3EFE4BE}.Debug|Any CPU.Build.0 = Debug|Any CPU
		{C82CC1EF-2E56-4A5A-A102-D63AA3EFE4BE}.Release|Any CPU.ActiveCfg = Release|Any CPU
		{C82CC1EF-2E56-4A5A-A102-D63AA3EFE4BE}.Release|Any CPU.Build.0 = Release|Any CPU
	EndGlobalSection
	GlobalSection(SolutionProperties) = preSolution
		HideSolutionNode = FALSE
	EndGlobalSection
	GlobalSection(ExtensibilityGlobals) = postSolution
		SolutionGuid = {95EDE067-E84D-4054-932A-54DA56B4F4E4}
	EndGlobalSection
EndGlobal
